
Microsoft Visual Studio Solution File, Format Version 12.00
# Visual Studio 2012
Project("{FAE04EC0-301F-11D3-BF4B-00C04F79EFBC}") = "ATSMProject", "ATSMProject\ATSMProject.csproj", "{9635F2DE-78DD-41E1-9D45-4FE16CBFF9E7}"
EndProject
Project("{2150E333-8FDC-42A3-9474-1A3956D46DE8}") = "Entity", "Entity", "{1DAE7E21-4BD6-498E-B358-D97A94AAE0CE}"
EndProject
Project("{2150E333-8FDC-42A3-9474-1A3956D46DE8}") = "Accesser", "Accesser", "{E476F825-F7EC-41B8-8F16-85FE3AB0A246}"
EndProject
Project("{2150E333-8FDC-42A3-9474-1A3956D46DE8}") = "BusinessLogic", "BusinessLogic", "{09E3FE4C-00D5-4D81-A316-6188D45AA6C9}"
EndProject
Project("{2150E333-8FDC-42A3-9474-1A3956D46DE8}") = "CheckLogic", "CheckLogic", "{FD7356C9-FCBB-4642-8004-7B6F768BC612}"
EndProject
Project("{2150E333-8FDC-42A3-9474-1A3956D46DE8}") = "WebserviceInterface", "WebserviceInterface", "{C4AB57B2-B806-4B5A-81C0-829B55891867}"
EndProject
Project("{2150E333-8FDC-42A3-9474-1A3956D46DE8}") = "Webservice", "Webservice", "{6CBA4F0B-FE10-4D92-A45F-22AA508FCA3B}"
EndProject
Project("{FAE04EC0-301F-11D3-BF4B-00C04F79EFBC}") = "UserWSI", "ServiceInterface\UserWSI\UserWSI.csproj", "{EF48C766-DF23-4429-9C55-96AEE0C4A019}"
EndProject
Project("{FAE04EC0-301F-11D3-BF4B-00C04F79EFBC}") = "UserEntity", "Entity\UserEntity\UserEntity.csproj", "{FD76BFCD-CDF5-4506-B69D-7A19092793D9}"
EndProject
Project("{FAE04EC0-301F-11D3-BF4B-00C04F79EFBC}") = "UserAccesser", "Accesser\UserAccesser\UserAccesser.csproj", "{0E5D60F0-7D07-48BE-98A3-ADBA2B4F9DF6}"
EndProject
Project("{FAE04EC0-301F-11D3-BF4B-00C04F79EFBC}") = "UserBL", "BussinessLogic\UserBL\UserBL.csproj", "{B032623B-C940-4AB6-B8F3-A86E8B3D2C21}"
EndProject
Project("{FAE04EC0-301F-11D3-BF4B-00C04F79EFBC}") = "UserCL", "CheckLogic\UserCL\UserCL.csproj", "{4EDD4CFE-C172-403A-A631-91E886F927BE}"
EndProject
Project("{2150E333-8FDC-42A3-9474-1A3956D46DE8}") = "SessionFactory", "SessionFactory", "{04A944E8-61F4-4477-BC4E-0DEB465FC15C}"
EndProject
Project("{FAE04EC0-301F-11D3-BF4B-00C04F79EFBC}") = "SessionFactory", "SessionFactory\SessionFactory\SessionFactory.csproj", "{236025E9-F262-4B5D-87DF-FE04D7D2CC93}"
EndProject
Project("{FAE04EC0-301F-11D3-BF4B-00C04F79EFBC}") = "WebServer", "Service\WebServer\WebServer.csproj", "{306DD106-F64F-4B42-90D5-634CD85F8E0F}"
EndProject
Global
	GlobalSection(SolutionConfigurationPlatforms) = preSolution
		Debug|Any CPU = Debug|Any CPU
		Release|Any CPU = Release|Any CPU
	EndGlobalSection
	GlobalSection(ProjectConfigurationPlatforms) = postSolution
		{9635F2DE-78DD-41E1-9D45-4FE16CBFF9E7}.Debug|Any CPU.ActiveCfg = Debug|Any CPU
		{9635F2DE-78DD-41E1-9D45-4FE16CBFF9E7}.Debug|Any CPU.Build.0 = Debug|Any CPU
		{9635F2DE-78DD-41E1-9D45-4FE16CBFF9E7}.Release|Any CPU.ActiveCfg = Release|Any CPU
		{9635F2DE-78DD-41E1-9D45-4FE16CBFF9E7}.Release|Any CPU.Build.0 = Release|Any CPU
		{EF48C766-DF23-4429-9C55-96AEE0C4A019}.Debug|Any CPU.ActiveCfg = Debug|Any CPU
		{EF48C766-DF23-4429-9C55-96AEE0C4A019}.Debug|Any CPU.Build.0 = Debug|Any CPU
		{EF48C766-DF23-4429-9C55-96AEE0C4A019}.Release|Any CPU.ActiveCfg = Release|Any CPU
		{EF48C766-DF23-4429-9C55-96AEE0C4A019}.Release|Any CPU.Build.0 = Release|Any CPU
		{FD76BFCD-CDF5-4506-B69D-7A19092793D9}.Debug|Any CPU.ActiveCfg = Debug|Any CPU
		{FD76BFCD-CDF5-4506-B69D-7A19092793D9}.Debug|Any CPU.Build.0 = Debug|Any CPU
		{FD76BFCD-CDF5-4506-B69D-7A19092793D9}.Release|Any CPU.ActiveCfg = Release|Any CPU
		{FD76BFCD-CDF5-4506-B69D-7A19092793D9}.Release|Any CPU.Build.0 = Release|Any CPU
		{0E5D60F0-7D07-48BE-98A3-ADBA2B4F9DF6}.Debug|Any CPU.ActiveCfg = Debug|Any CPU
		{0E5D60F0-7D07-48BE-98A3-ADBA2B4F9DF6}.Debug|Any CPU.Build.0 = Debug|Any CPU
		{0E5D60F0-7D07-48BE-98A3-ADBA2B4F9DF6}.Release|Any CPU.ActiveCfg = Release|Any CPU
		{0E5D60F0-7D07-48BE-98A3-ADBA2B4F9DF6}.Release|Any CPU.Build.0 = Release|Any CPU
		{B032623B-C940-4AB6-B8F3-A86E8B3D2C21}.Debug|Any CPU.ActiveCfg = Debug|Any CPU
		{B032623B-C940-4AB6-B8F3-A86E8B3D2C21}.Debug|Any CPU.Build.0 = Debug|Any CPU
		{B032623B-C940-4AB6-B8F3-A86E8B3D2C21}.Release|Any CPU.ActiveCfg = Release|Any CPU
		{B032623B-C940-4AB6-B8F3-A86E8B3D2C21}.Release|Any CPU.Build.0 = Release|Any CPU
		{4EDD4CFE-C172-403A-A631-91E886F927BE}.Debug|Any CPU.ActiveCfg = Debug|Any CPU
		{4EDD4CFE-C172-403A-A631-91E886F927BE}.Debug|Any CPU.Build.0 = Debug|Any CPU
		{4EDD4CFE-C172-403A-A631-91E886F927BE}.Release|Any CPU.ActiveCfg = Release|Any CPU
		{4EDD4CFE-C172-403A-A631-91E886F927BE}.Release|Any CPU.Build.0 = Release|Any CPU
		{236025E9-F262-4B5D-87DF-FE04D7D2CC93}.Debug|Any CPU.ActiveCfg = Debug|Any CPU
		{236025E9-F262-4B5D-87DF-FE04D7D2CC93}.Debug|Any CPU.Build.0 = Debug|Any CPU
		{236025E9-F262-4B5D-87DF-FE04D7D2CC93}.Release|Any CPU.ActiveCfg = Release|Any CPU
		{236025E9-F262-4B5D-87DF-FE04D7D2CC93}.Release|Any CPU.Build.0 = Release|Any CPU
		{306DD106-F64F-4B42-90D5-634CD85F8E0F}.Debug|Any CPU.ActiveCfg = Debug|Any CPU
		{306DD106-F64F-4B42-90D5-634CD85F8E0F}.Debug|Any CPU.Build.0 = Debug|Any CPU
		{306DD106-F64F-4B42-90D5-634CD85F8E0F}.Release|Any CPU.ActiveCfg = Release|Any CPU
		{306DD106-F64F-4B42-90D5-634CD85F8E0F}.Release|Any CPU.Build.0 = Release|Any CPU
	EndGlobalSection
	GlobalSection(SolutionProperties) = preSolution
		HideSolutionNode = FALSE
	EndGlobalSection
	GlobalSection(NestedProjects) = preSolution
		{FD76BFCD-CDF5-4506-B69D-7A19092793D9} = {1DAE7E21-4BD6-498E-B358-D97A94AAE0CE}
		{0E5D60F0-7D07-48BE-98A3-ADBA2B4F9DF6} = {E476F825-F7EC-41B8-8F16-85FE3AB0A246}
		{B032623B-C940-4AB6-B8F3-A86E8B3D2C21} = {09E3FE4C-00D5-4D81-A316-6188D45AA6C9}
		{4EDD4CFE-C172-403A-A631-91E886F927BE} = {FD7356C9-FCBB-4642-8004-7B6F768BC612}
		{EF48C766-DF23-4429-9C55-96AEE0C4A019} = {C4AB57B2-B806-4B5A-81C0-829B55891867}
		{306DD106-F64F-4B42-90D5-634CD85F8E0F} = {6CBA4F0B-FE10-4D92-A45F-22AA508FCA3B}
		{236025E9-F262-4B5D-87DF-FE04D7D2CC93} = {04A944E8-61F4-4477-BC4E-0DEB465FC15C}
	EndGlobalSection
EndGlobal
