
Microsoft Visual Studio Solution File, Format Version 12.00
# Visual Studio 2012
Project("{FAE04EC0-301F-11D3-BF4B-00C04F79EFBC}") = "ATSMProject", "ATSMProject\ATSMProject.csproj", "{9635F2DE-78DD-41E1-9D45-4FE16CBFF9E7}"
EndProject
Project("{2150E333-8FDC-42A3-9474-1A3956D46DE8}") = "Entity", "Entity", "{1DAE7E21-4BD6-498E-B358-D97A94AAE0CE}"
EndProject
Project("{2150E333-8FDC-42A3-9474-1A3956D46DE8}") = "Accesser", "Accesser", "{E476F825-F7EC-41B8-8F16-85FE3AB0A246}"
EndProject
Project("{2150E333-8FDC-42A3-9474-1A3956D46DE8}") = "BusinessLogic", "BusinessLogic", "{09E3FE4C-00D5-4D81-A316-6188D45AA6C9}"
EndProject
Project("{2150E333-8FDC-42A3-9474-1A3956D46DE8}") = "CheckLogic", "CheckLogic", "{FD7356C9-FCBB-4642-8004-7B6F768BC612}"
EndProject
Project("{2150E333-8FDC-42A3-9474-1A3956D46DE8}") = "WebserviceInterface", "WebserviceInterface", "{C4AB57B2-B806-4B5A-81C0-829B55891867}"
EndProject
Project("{2150E333-8FDC-42A3-9474-1A3956D46DE8}") = "Webservice", "Webservice", "{6CBA4F0B-FE10-4D92-A45F-22AA508FCA3B}"
EndProject
Project("{FAE04EC0-301F-11D3-BF4B-00C04F79EFBC}") = "UserEntity", "UserEntity\UserEntity.csproj", "{FD76BFCD-CDF5-4506-B69D-7A19092793D9}"
EndProject
Project("{FAE04EC0-301F-11D3-BF4B-00C04F79EFBC}") = "UserAccesser", "UserAccesser\UserAccesser.csproj", "{0E5D60F0-7D07-48BE-98A3-ADBA2B4F9DF6}"
EndProject
Project("{FAE04EC0-301F-11D3-BF4B-00C04F79EFBC}") = "UserBL", "UserBL\UserBL.csproj", "{B032623B-C940-4AB6-B8F3-A86E8B3D2C21}"
EndProject
Project("{FAE04EC0-301F-11D3-BF4B-00C04F79EFBC}") = "UserCL", "UserCL\UserCL.csproj", "{4EDD4CFE-C172-403A-A631-91E886F927BE}"
EndProject
Project("{FAE04EC0-301F-11D3-BF4B-00C04F79EFBC}") = "UserWSI", "UserWSI\UserWSI.csproj", "{EF48C766-DF23-4429-9C55-96AEE0C4A019}"
EndProject
Project("{FAE04EC0-301F-11D3-BF4B-00C04F79EFBC}") = "ServiceServer", "ServiceServer\ServiceServer.csproj", "{DEB42969-68B2-4B95-AF2F-62958B5C146F}"
	ProjectSection(ProjectDependencies) = postProject
		{8ECD01A6-96BD-4CB6-8286-6F0D2E814E4F} = {8ECD01A6-96BD-4CB6-8286-6F0D2E814E4F}
	EndProjectSection
EndProject
Project("{FAE04EC0-301F-11D3-BF4B-00C04F79EFBC}") = "ServiceServer.Web", "ServiceServer.Web\ServiceServer.Web.csproj", "{8ECD01A6-96BD-4CB6-8286-6F0D2E814E4F}"
EndProject
Global
	GlobalSection(SolutionConfigurationPlatforms) = preSolution
		Debug|Any CPU = Debug|Any CPU
		Release|Any CPU = Release|Any CPU
	EndGlobalSection
	GlobalSection(ProjectConfigurationPlatforms) = postSolution
		{9635F2DE-78DD-41E1-9D45-4FE16CBFF9E7}.Debug|Any CPU.ActiveCfg = Debug|Any CPU
		{9635F2DE-78DD-41E1-9D45-4FE16CBFF9E7}.Debug|Any CPU.Build.0 = Debug|Any CPU
		{9635F2DE-78DD-41E1-9D45-4FE16CBFF9E7}.Release|Any CPU.ActiveCfg = Release|Any CPU
		{9635F2DE-78DD-41E1-9D45-4FE16CBFF9E7}.Release|Any CPU.Build.0 = Release|Any CPU
		{FD76BFCD-CDF5-4506-B69D-7A19092793D9}.Debug|Any CPU.ActiveCfg = Debug|Any CPU
		{FD76BFCD-CDF5-4506-B69D-7A19092793D9}.Debug|Any CPU.Build.0 = Debug|Any CPU
		{FD76BFCD-CDF5-4506-B69D-7A19092793D9}.Release|Any CPU.ActiveCfg = Release|Any CPU
		{FD76BFCD-CDF5-4506-B69D-7A19092793D9}.Release|Any CPU.Build.0 = Release|Any CPU
		{0E5D60F0-7D07-48BE-98A3-ADBA2B4F9DF6}.Debug|Any CPU.ActiveCfg = Debug|Any CPU
		{0E5D60F0-7D07-48BE-98A3-ADBA2B4F9DF6}.Debug|Any CPU.Build.0 = Debug|Any CPU
		{0E5D60F0-7D07-48BE-98A3-ADBA2B4F9DF6}.Release|Any CPU.ActiveCfg = Release|Any CPU
		{0E5D60F0-7D07-48BE-98A3-ADBA2B4F9DF6}.Release|Any CPU.Build.0 = Release|Any CPU
		{B032623B-C940-4AB6-B8F3-A86E8B3D2C21}.Debug|Any CPU.ActiveCfg = Debug|Any CPU
		{B032623B-C940-4AB6-B8F3-A86E8B3D2C21}.Debug|Any CPU.Build.0 = Debug|Any CPU
		{B032623B-C940-4AB6-B8F3-A86E8B3D2C21}.Release|Any CPU.ActiveCfg = Release|Any CPU
		{B032623B-C940-4AB6-B8F3-A86E8B3D2C21}.Release|Any CPU.Build.0 = Release|Any CPU
		{4EDD4CFE-C172-403A-A631-91E886F927BE}.Debug|Any CPU.ActiveCfg = Debug|Any CPU
		{4EDD4CFE-C172-403A-A631-91E886F927BE}.Debug|Any CPU.Build.0 = Debug|Any CPU
		{4EDD4CFE-C172-403A-A631-91E886F927BE}.Release|Any CPU.ActiveCfg = Release|Any CPU
		{4EDD4CFE-C172-403A-A631-91E886F927BE}.Release|Any CPU.Build.0 = Release|Any CPU
		{EF48C766-DF23-4429-9C55-96AEE0C4A019}.Debug|Any CPU.ActiveCfg = Debug|Any CPU
		{EF48C766-DF23-4429-9C55-96AEE0C4A019}.Debug|Any CPU.Build.0 = Debug|Any CPU
		{EF48C766-DF23-4429-9C55-96AEE0C4A019}.Release|Any CPU.ActiveCfg = Release|Any CPU
		{EF48C766-DF23-4429-9C55-96AEE0C4A019}.Release|Any CPU.Build.0 = Release|Any CPU
		{DEB42969-68B2-4B95-AF2F-62958B5C146F}.Debug|Any CPU.ActiveCfg = Debug|Any CPU
		{DEB42969-68B2-4B95-AF2F-62958B5C146F}.Debug|Any CPU.Build.0 = Debug|Any CPU
		{DEB42969-68B2-4B95-AF2F-62958B5C146F}.Release|Any CPU.ActiveCfg = Release|Any CPU
		{DEB42969-68B2-4B95-AF2F-62958B5C146F}.Release|Any CPU.Build.0 = Release|Any CPU
		{8ECD01A6-96BD-4CB6-8286-6F0D2E814E4F}.Debug|Any CPU.ActiveCfg = Debug|Any CPU
		{8ECD01A6-96BD-4CB6-8286-6F0D2E814E4F}.Debug|Any CPU.Build.0 = Debug|Any CPU
		{8ECD01A6-96BD-4CB6-8286-6F0D2E814E4F}.Release|Any CPU.ActiveCfg = Release|Any CPU
		{8ECD01A6-96BD-4CB6-8286-6F0D2E814E4F}.Release|Any CPU.Build.0 = Release|Any CPU
	EndGlobalSection
	GlobalSection(SolutionProperties) = preSolution
		HideSolutionNode = FALSE
	EndGlobalSection
	GlobalSection(NestedProjects) = preSolution
		{FD76BFCD-CDF5-4506-B69D-7A19092793D9} = {1DAE7E21-4BD6-498E-B358-D97A94AAE0CE}
		{0E5D60F0-7D07-48BE-98A3-ADBA2B4F9DF6} = {E476F825-F7EC-41B8-8F16-85FE3AB0A246}
		{B032623B-C940-4AB6-B8F3-A86E8B3D2C21} = {09E3FE4C-00D5-4D81-A316-6188D45AA6C9}
		{4EDD4CFE-C172-403A-A631-91E886F927BE} = {FD7356C9-FCBB-4642-8004-7B6F768BC612}
		{EF48C766-DF23-4429-9C55-96AEE0C4A019} = {C4AB57B2-B806-4B5A-81C0-829B55891867}
		{DEB42969-68B2-4B95-AF2F-62958B5C146F} = {6CBA4F0B-FE10-4D92-A45F-22AA508FCA3B}
		{8ECD01A6-96BD-4CB6-8286-6F0D2E814E4F} = {6CBA4F0B-FE10-4D92-A45F-22AA508FCA3B}
	EndGlobalSection
EndGlobal
