
Microsoft Visual Studio Solution File, Format Version 12.00
# Visual Studio 2012
Project("{FAE04EC0-301F-11D3-BF4B-00C04F79EFBC}") = "ATSMProject", "ATSMProject\ATSMProject.csproj", "{5CD49265-F998-4FCD-88CD-C928B09DC3BF}"
EndProject
Project("{2150E333-8FDC-42A3-9474-1A3956D46DE8}") = "BussinessLogic", "BussinessLogic", "{1621CE04-A9F1-4A24-8811-7DD0141835A3}"
EndProject
Project("{2150E333-8FDC-42A3-9474-1A3956D46DE8}") = "CheckLogic", "CheckLogic", "{4C61D4FB-83D1-4A89-ABEE-37B43B72C09B}"
EndProject
Project("{2150E333-8FDC-42A3-9474-1A3956D46DE8}") = "Entity", "Entity", "{1B003FF4-9318-4C81-B931-C88D41ED25EA}"
EndProject
Project("{2150E333-8FDC-42A3-9474-1A3956D46DE8}") = "Accesser", "Accesser", "{176402EE-606A-497D-BEDD-2AB258EAE9DA}"
EndProject
Project("{2150E333-8FDC-42A3-9474-1A3956D46DE8}") = "SessionFactory", "SessionFactory", "{B824B77A-F7F8-457B-B0F0-094D5C76D328}"
EndProject
Project("{2150E333-8FDC-42A3-9474-1A3956D46DE8}") = "ServiceInterface", "ServiceInterface", "{DAC3A6FB-30D9-49AC-B553-F292A93D4EA6}"
EndProject
Project("{2150E333-8FDC-42A3-9474-1A3956D46DE8}") = "Service", "Service", "{61F12941-7CDB-41B0-9B06-2667558F6D85}"
EndProject
Project("{FAE04EC0-301F-11D3-BF4B-00C04F79EFBC}") = "UserAccesser", "..\Server\Accesser\UserAccesser\UserAccesser.csproj", "{4E7475CB-597D-46CE-8FF7-EE5B61CD6BDF}"
EndProject
Project("{FAE04EC0-301F-11D3-BF4B-00C04F79EFBC}") = "UserWSI", "..\Server\ServiceInterface\UserWSI\UserWSI.csproj", "{B6585947-6D87-4B68-9A2A-09BF2CD19A8B}"
EndProject
Project("{FAE04EC0-301F-11D3-BF4B-00C04F79EFBC}") = "UserBL", "..\Server\BussinessLogic\UserBL\UserBL.csproj", "{3F0378A1-AB7E-42B7-A41E-DF3165F63926}"
EndProject
Project("{FAE04EC0-301F-11D3-BF4B-00C04F79EFBC}") = "UserCL", "..\Server\CheckLogic\UserCL\UserCL.csproj", "{07D115D4-B4CB-4A3A-82F9-1778BAC6DEC7}"
EndProject
Project("{FAE04EC0-301F-11D3-BF4B-00C04F79EFBC}") = "ServiceServer", "..\Server\ServiceServer\ServiceServer\ServiceServer.csproj", "{7AC64EB0-AF57-481D-A437-FBB1EF004E3D}"
EndProject
Project("{FAE04EC0-301F-11D3-BF4B-00C04F79EFBC}") = "SessionFactory", "..\Server\SessionFactory\SessionFactory\SessionFactory.csproj", "{C409AE0A-9478-4543-A1DE-4A4C00BB4FBD}"
EndProject
Project("{FAE04EC0-301F-11D3-BF4B-00C04F79EFBC}") = "UserEntity", "..\Server\Entity\UserEntity\UserEntity.csproj", "{2122B1F3-21F6-4320-A0AD-76046FA595A9}"
EndProject
Project("{FAE04EC0-301F-11D3-BF4B-00C04F79EFBC}") = "ServiceClient", "..\Client\ServiceClient\ServiceClient.csproj", "{5D135CE0-451D-4C90-A26A-C7A61725B668}"
EndProject
Project("{FAE04EC0-301F-11D3-BF4B-00C04F79EFBC}") = "LoginUserEntity", "..\Server\Entity\LoginUserEntity\LoginUserEntity.csproj", "{541592AD-E5DC-4D7E-9C6F-671C6884B48D}"
EndProject
Project("{FAE04EC0-301F-11D3-BF4B-00C04F79EFBC}") = "LoginUserWSI", "..\Server\ServiceInterface\LoginUserWSI\LoginUserWSI.csproj", "{90A1DC7D-1B3A-449F-BAB7-D349105B0825}"
EndProject
Project("{FAE04EC0-301F-11D3-BF4B-00C04F79EFBC}") = "LoginUserBL", "..\Server\BussinessLogic\LoginUserBL\LoginUserBL.csproj", "{6EA8C0A5-B4FB-4A7C-ADD9-402A01BDEB03}"
EndProject
Project("{FAE04EC0-301F-11D3-BF4B-00C04F79EFBC}") = "LoginUserAccesser", "..\Server\Accesser\LoginUserAccesser\LoginUserAccesser.csproj", "{8EE051B0-7CFA-4FFC-81E9-D2CAA4613CC2}"
EndProject
Project("{FAE04EC0-301F-11D3-BF4B-00C04F79EFBC}") = "LoginUserCL", "..\Server\CheckLogic\LoginUserCL\LoginUserCL.csproj", "{EF81A4C3-AC9E-42D3-8EB1-35B6DF7E8056}"
EndProject
Project("{FAE04EC0-301F-11D3-BF4B-00C04F79EFBC}") = "CanBoGiaoVienEntity", "..\Server\Entity\CanBoGiaoVienEntity\CanBoGiaoVienEntity.csproj", "{57EE1164-345B-4605-ACCA-E7F57CDFDBEC}"
EndProject
Project("{FAE04EC0-301F-11D3-BF4B-00C04F79EFBC}") = "CanBoGiaoVienAccesser", "..\Server\Accesser\CanBoGiaoVienAccesser\CanBoGiaoVienAccesser.csproj", "{716D741B-CEA4-4F24-BF09-6C62615A89C7}"
EndProject
Project("{FAE04EC0-301F-11D3-BF4B-00C04F79EFBC}") = "ChucVuEntity", "..\Server\Entity\ChucVuEntity\ChucVuEntity.csproj", "{0C124352-C0BB-4141-86D9-FE7D429D17F0}"
EndProject
Project("{FAE04EC0-301F-11D3-BF4B-00C04F79EFBC}") = "ChucVuAcceser", "..\Server\Accesser\ChucVuAcceser\ChucVuAcceser.csproj", "{200B8412-C72C-4A96-9E99-6DDB67EEFB19}"
EndProject
Project("{FAE04EC0-301F-11D3-BF4B-00C04F79EFBC}") = "TheLoaiTinEntity", "..\Server\Entity\TheLoaiTinEntity\TheLoaiTinEntity.csproj", "{45452C3E-4659-4D48-B1D0-55F53D80D281}"
EndProject
Project("{FAE04EC0-301F-11D3-BF4B-00C04F79EFBC}") = "TheLoaiTinAccesser", "..\Server\Accesser\TheLoaiTinAccesser\TheLoaiTinAccesser.csproj", "{8C6B883D-B813-4789-9AA4-A43092769662}"
EndProject
Project("{FAE04EC0-301F-11D3-BF4B-00C04F79EFBC}") = "TinTucDaoTaoEntity", "..\Server\Entity\TinTucDaoTaoEntity\TinTucDaoTaoEntity.csproj", "{EA68274F-A58D-448A-9F9F-DBB87C7211FE}"
EndProject
Project("{FAE04EC0-301F-11D3-BF4B-00C04F79EFBC}") = "TinTucDaoTaoAccesser", "..\Server\Accesser\TinTucDaoTaoAccesser\TinTucDaoTaoAccesser.csproj", "{A2705EDC-1707-4A66-8033-674DAB4C7CD5}"
EndProject
Project("{FAE04EC0-301F-11D3-BF4B-00C04F79EFBC}") = "TinTucDaoTaoBL", "..\Server\BussinessLogic\TinTucDaoTaoBL\TinTucDaoTaoBL.csproj", "{B77BB335-DDDF-43A2-859A-94BB34EE949D}"
EndProject
Project("{FAE04EC0-301F-11D3-BF4B-00C04F79EFBC}") = "TinTucDaoTaoCL", "..\Server\CheckLogic\TinTucDaoTaoCL\TinTucDaoTaoCL.csproj", "{A3CC700B-593E-4B37-9530-BF0B1E184E4C}"
EndProject
Project("{FAE04EC0-301F-11D3-BF4B-00C04F79EFBC}") = "TinTucDaoTaoWSI", "..\Server\ServiceInterface\TinTucDaoTaoWSI\TinTucDaoTaoWSI.csproj", "{23CC2EEB-CDAD-4904-B259-C3D28BD69BDD}"
EndProject
Global
	GlobalSection(SolutionConfigurationPlatforms) = preSolution
		Debug|Any CPU = Debug|Any CPU
		Release|Any CPU = Release|Any CPU
	EndGlobalSection
	GlobalSection(ProjectConfigurationPlatforms) = postSolution
		{5CD49265-F998-4FCD-88CD-C928B09DC3BF}.Debug|Any CPU.ActiveCfg = Debug|Any CPU
		{5CD49265-F998-4FCD-88CD-C928B09DC3BF}.Debug|Any CPU.Build.0 = Debug|Any CPU
		{5CD49265-F998-4FCD-88CD-C928B09DC3BF}.Release|Any CPU.ActiveCfg = Release|Any CPU
		{5CD49265-F998-4FCD-88CD-C928B09DC3BF}.Release|Any CPU.Build.0 = Release|Any CPU
		{4E7475CB-597D-46CE-8FF7-EE5B61CD6BDF}.Debug|Any CPU.ActiveCfg = Debug|Any CPU
		{4E7475CB-597D-46CE-8FF7-EE5B61CD6BDF}.Debug|Any CPU.Build.0 = Debug|Any CPU
		{4E7475CB-597D-46CE-8FF7-EE5B61CD6BDF}.Release|Any CPU.ActiveCfg = Release|Any CPU
		{4E7475CB-597D-46CE-8FF7-EE5B61CD6BDF}.Release|Any CPU.Build.0 = Release|Any CPU
		{B6585947-6D87-4B68-9A2A-09BF2CD19A8B}.Debug|Any CPU.ActiveCfg = Debug|Any CPU
		{B6585947-6D87-4B68-9A2A-09BF2CD19A8B}.Debug|Any CPU.Build.0 = Debug|Any CPU
		{B6585947-6D87-4B68-9A2A-09BF2CD19A8B}.Release|Any CPU.ActiveCfg = Release|Any CPU
		{B6585947-6D87-4B68-9A2A-09BF2CD19A8B}.Release|Any CPU.Build.0 = Release|Any CPU
		{3F0378A1-AB7E-42B7-A41E-DF3165F63926}.Debug|Any CPU.ActiveCfg = Debug|Any CPU
		{3F0378A1-AB7E-42B7-A41E-DF3165F63926}.Debug|Any CPU.Build.0 = Debug|Any CPU
		{3F0378A1-AB7E-42B7-A41E-DF3165F63926}.Release|Any CPU.ActiveCfg = Release|Any CPU
		{3F0378A1-AB7E-42B7-A41E-DF3165F63926}.Release|Any CPU.Build.0 = Release|Any CPU
		{07D115D4-B4CB-4A3A-82F9-1778BAC6DEC7}.Debug|Any CPU.ActiveCfg = Debug|Any CPU
		{07D115D4-B4CB-4A3A-82F9-1778BAC6DEC7}.Debug|Any CPU.Build.0 = Debug|Any CPU
		{07D115D4-B4CB-4A3A-82F9-1778BAC6DEC7}.Release|Any CPU.ActiveCfg = Release|Any CPU
		{07D115D4-B4CB-4A3A-82F9-1778BAC6DEC7}.Release|Any CPU.Build.0 = Release|Any CPU
		{7AC64EB0-AF57-481D-A437-FBB1EF004E3D}.Debug|Any CPU.ActiveCfg = Debug|Any CPU
		{7AC64EB0-AF57-481D-A437-FBB1EF004E3D}.Debug|Any CPU.Build.0 = Debug|Any CPU
		{7AC64EB0-AF57-481D-A437-FBB1EF004E3D}.Release|Any CPU.ActiveCfg = Release|Any CPU
		{7AC64EB0-AF57-481D-A437-FBB1EF004E3D}.Release|Any CPU.Build.0 = Release|Any CPU
		{C409AE0A-9478-4543-A1DE-4A4C00BB4FBD}.Debug|Any CPU.ActiveCfg = Debug|Any CPU
		{C409AE0A-9478-4543-A1DE-4A4C00BB4FBD}.Debug|Any CPU.Build.0 = Debug|Any CPU
		{C409AE0A-9478-4543-A1DE-4A4C00BB4FBD}.Release|Any CPU.ActiveCfg = Release|Any CPU
		{C409AE0A-9478-4543-A1DE-4A4C00BB4FBD}.Release|Any CPU.Build.0 = Release|Any CPU
		{2122B1F3-21F6-4320-A0AD-76046FA595A9}.Debug|Any CPU.ActiveCfg = Debug|Any CPU
		{2122B1F3-21F6-4320-A0AD-76046FA595A9}.Debug|Any CPU.Build.0 = Debug|Any CPU
		{2122B1F3-21F6-4320-A0AD-76046FA595A9}.Release|Any CPU.ActiveCfg = Release|Any CPU
		{2122B1F3-21F6-4320-A0AD-76046FA595A9}.Release|Any CPU.Build.0 = Release|Any CPU
		{5D135CE0-451D-4C90-A26A-C7A61725B668}.Debug|Any CPU.ActiveCfg = Debug|Any CPU
		{5D135CE0-451D-4C90-A26A-C7A61725B668}.Debug|Any CPU.Build.0 = Debug|Any CPU
		{5D135CE0-451D-4C90-A26A-C7A61725B668}.Release|Any CPU.ActiveCfg = Release|Any CPU
		{5D135CE0-451D-4C90-A26A-C7A61725B668}.Release|Any CPU.Build.0 = Release|Any CPU
		{541592AD-E5DC-4D7E-9C6F-671C6884B48D}.Debug|Any CPU.ActiveCfg = Debug|Any CPU
		{541592AD-E5DC-4D7E-9C6F-671C6884B48D}.Debug|Any CPU.Build.0 = Debug|Any CPU
		{541592AD-E5DC-4D7E-9C6F-671C6884B48D}.Release|Any CPU.ActiveCfg = Release|Any CPU
		{541592AD-E5DC-4D7E-9C6F-671C6884B48D}.Release|Any CPU.Build.0 = Release|Any CPU
		{90A1DC7D-1B3A-449F-BAB7-D349105B0825}.Debug|Any CPU.ActiveCfg = Debug|Any CPU
		{90A1DC7D-1B3A-449F-BAB7-D349105B0825}.Debug|Any CPU.Build.0 = Debug|Any CPU
		{90A1DC7D-1B3A-449F-BAB7-D349105B0825}.Release|Any CPU.ActiveCfg = Release|Any CPU
		{90A1DC7D-1B3A-449F-BAB7-D349105B0825}.Release|Any CPU.Build.0 = Release|Any CPU
		{6EA8C0A5-B4FB-4A7C-ADD9-402A01BDEB03}.Debug|Any CPU.ActiveCfg = Debug|Any CPU
		{6EA8C0A5-B4FB-4A7C-ADD9-402A01BDEB03}.Debug|Any CPU.Build.0 = Debug|Any CPU
		{6EA8C0A5-B4FB-4A7C-ADD9-402A01BDEB03}.Release|Any CPU.ActiveCfg = Release|Any CPU
		{6EA8C0A5-B4FB-4A7C-ADD9-402A01BDEB03}.Release|Any CPU.Build.0 = Release|Any CPU
		{8EE051B0-7CFA-4FFC-81E9-D2CAA4613CC2}.Debug|Any CPU.ActiveCfg = Debug|Any CPU
		{8EE051B0-7CFA-4FFC-81E9-D2CAA4613CC2}.Debug|Any CPU.Build.0 = Debug|Any CPU
		{8EE051B0-7CFA-4FFC-81E9-D2CAA4613CC2}.Release|Any CPU.ActiveCfg = Release|Any CPU
		{8EE051B0-7CFA-4FFC-81E9-D2CAA4613CC2}.Release|Any CPU.Build.0 = Release|Any CPU
		{EF81A4C3-AC9E-42D3-8EB1-35B6DF7E8056}.Debug|Any CPU.ActiveCfg = Debug|Any CPU
		{EF81A4C3-AC9E-42D3-8EB1-35B6DF7E8056}.Debug|Any CPU.Build.0 = Debug|Any CPU
		{EF81A4C3-AC9E-42D3-8EB1-35B6DF7E8056}.Release|Any CPU.ActiveCfg = Release|Any CPU
		{EF81A4C3-AC9E-42D3-8EB1-35B6DF7E8056}.Release|Any CPU.Build.0 = Release|Any CPU
		{57EE1164-345B-4605-ACCA-E7F57CDFDBEC}.Debug|Any CPU.ActiveCfg = Debug|Any CPU
		{57EE1164-345B-4605-ACCA-E7F57CDFDBEC}.Debug|Any CPU.Build.0 = Debug|Any CPU
		{57EE1164-345B-4605-ACCA-E7F57CDFDBEC}.Release|Any CPU.ActiveCfg = Release|Any CPU
		{57EE1164-345B-4605-ACCA-E7F57CDFDBEC}.Release|Any CPU.Build.0 = Release|Any CPU
		{716D741B-CEA4-4F24-BF09-6C62615A89C7}.Debug|Any CPU.ActiveCfg = Debug|Any CPU
		{716D741B-CEA4-4F24-BF09-6C62615A89C7}.Debug|Any CPU.Build.0 = Debug|Any CPU
		{716D741B-CEA4-4F24-BF09-6C62615A89C7}.Release|Any CPU.ActiveCfg = Release|Any CPU
		{716D741B-CEA4-4F24-BF09-6C62615A89C7}.Release|Any CPU.Build.0 = Release|Any CPU
		{0C124352-C0BB-4141-86D9-FE7D429D17F0}.Debug|Any CPU.ActiveCfg = Debug|Any CPU
		{0C124352-C0BB-4141-86D9-FE7D429D17F0}.Debug|Any CPU.Build.0 = Debug|Any CPU
		{0C124352-C0BB-4141-86D9-FE7D429D17F0}.Release|Any CPU.ActiveCfg = Release|Any CPU
		{0C124352-C0BB-4141-86D9-FE7D429D17F0}.Release|Any CPU.Build.0 = Release|Any CPU
		{200B8412-C72C-4A96-9E99-6DDB67EEFB19}.Debug|Any CPU.ActiveCfg = Debug|Any CPU
		{200B8412-C72C-4A96-9E99-6DDB67EEFB19}.Debug|Any CPU.Build.0 = Debug|Any CPU
		{200B8412-C72C-4A96-9E99-6DDB67EEFB19}.Release|Any CPU.ActiveCfg = Release|Any CPU
		{200B8412-C72C-4A96-9E99-6DDB67EEFB19}.Release|Any CPU.Build.0 = Release|Any CPU
		{45452C3E-4659-4D48-B1D0-55F53D80D281}.Debug|Any CPU.ActiveCfg = Debug|Any CPU
		{45452C3E-4659-4D48-B1D0-55F53D80D281}.Debug|Any CPU.Build.0 = Debug|Any CPU
		{45452C3E-4659-4D48-B1D0-55F53D80D281}.Release|Any CPU.ActiveCfg = Release|Any CPU
		{45452C3E-4659-4D48-B1D0-55F53D80D281}.Release|Any CPU.Build.0 = Release|Any CPU
		{8C6B883D-B813-4789-9AA4-A43092769662}.Debug|Any CPU.ActiveCfg = Debug|Any CPU
		{8C6B883D-B813-4789-9AA4-A43092769662}.Debug|Any CPU.Build.0 = Debug|Any CPU
		{8C6B883D-B813-4789-9AA4-A43092769662}.Release|Any CPU.ActiveCfg = Release|Any CPU
		{8C6B883D-B813-4789-9AA4-A43092769662}.Release|Any CPU.Build.0 = Release|Any CPU
		{EA68274F-A58D-448A-9F9F-DBB87C7211FE}.Debug|Any CPU.ActiveCfg = Debug|Any CPU
		{EA68274F-A58D-448A-9F9F-DBB87C7211FE}.Debug|Any CPU.Build.0 = Debug|Any CPU
		{EA68274F-A58D-448A-9F9F-DBB87C7211FE}.Release|Any CPU.ActiveCfg = Release|Any CPU
		{EA68274F-A58D-448A-9F9F-DBB87C7211FE}.Release|Any CPU.Build.0 = Release|Any CPU
		{A2705EDC-1707-4A66-8033-674DAB4C7CD5}.Debug|Any CPU.ActiveCfg = Debug|Any CPU
		{A2705EDC-1707-4A66-8033-674DAB4C7CD5}.Debug|Any CPU.Build.0 = Debug|Any CPU
		{A2705EDC-1707-4A66-8033-674DAB4C7CD5}.Release|Any CPU.ActiveCfg = Release|Any CPU
		{A2705EDC-1707-4A66-8033-674DAB4C7CD5}.Release|Any CPU.Build.0 = Release|Any CPU
		{B77BB335-DDDF-43A2-859A-94BB34EE949D}.Debug|Any CPU.ActiveCfg = Debug|Any CPU
		{B77BB335-DDDF-43A2-859A-94BB34EE949D}.Debug|Any CPU.Build.0 = Debug|Any CPU
		{B77BB335-DDDF-43A2-859A-94BB34EE949D}.Release|Any CPU.ActiveCfg = Release|Any CPU
		{B77BB335-DDDF-43A2-859A-94BB34EE949D}.Release|Any CPU.Build.0 = Release|Any CPU
		{A3CC700B-593E-4B37-9530-BF0B1E184E4C}.Debug|Any CPU.ActiveCfg = Debug|Any CPU
		{A3CC700B-593E-4B37-9530-BF0B1E184E4C}.Debug|Any CPU.Build.0 = Debug|Any CPU
		{A3CC700B-593E-4B37-9530-BF0B1E184E4C}.Release|Any CPU.ActiveCfg = Release|Any CPU
		{A3CC700B-593E-4B37-9530-BF0B1E184E4C}.Release|Any CPU.Build.0 = Release|Any CPU
		{23CC2EEB-CDAD-4904-B259-C3D28BD69BDD}.Debug|Any CPU.ActiveCfg = Debug|Any CPU
		{23CC2EEB-CDAD-4904-B259-C3D28BD69BDD}.Debug|Any CPU.Build.0 = Debug|Any CPU
		{23CC2EEB-CDAD-4904-B259-C3D28BD69BDD}.Release|Any CPU.ActiveCfg = Release|Any CPU
		{23CC2EEB-CDAD-4904-B259-C3D28BD69BDD}.Release|Any CPU.Build.0 = Release|Any CPU
	EndGlobalSection
	GlobalSection(SolutionProperties) = preSolution
		HideSolutionNode = FALSE
	EndGlobalSection
	GlobalSection(NestedProjects) = preSolution
		{3F0378A1-AB7E-42B7-A41E-DF3165F63926} = {1621CE04-A9F1-4A24-8811-7DD0141835A3}
		{6EA8C0A5-B4FB-4A7C-ADD9-402A01BDEB03} = {1621CE04-A9F1-4A24-8811-7DD0141835A3}
		{B77BB335-DDDF-43A2-859A-94BB34EE949D} = {1621CE04-A9F1-4A24-8811-7DD0141835A3}
		{07D115D4-B4CB-4A3A-82F9-1778BAC6DEC7} = {4C61D4FB-83D1-4A89-ABEE-37B43B72C09B}
		{EF81A4C3-AC9E-42D3-8EB1-35B6DF7E8056} = {4C61D4FB-83D1-4A89-ABEE-37B43B72C09B}
		{A3CC700B-593E-4B37-9530-BF0B1E184E4C} = {4C61D4FB-83D1-4A89-ABEE-37B43B72C09B}
		{2122B1F3-21F6-4320-A0AD-76046FA595A9} = {1B003FF4-9318-4C81-B931-C88D41ED25EA}
		{541592AD-E5DC-4D7E-9C6F-671C6884B48D} = {1B003FF4-9318-4C81-B931-C88D41ED25EA}
		{57EE1164-345B-4605-ACCA-E7F57CDFDBEC} = {1B003FF4-9318-4C81-B931-C88D41ED25EA}
		{0C124352-C0BB-4141-86D9-FE7D429D17F0} = {1B003FF4-9318-4C81-B931-C88D41ED25EA}
		{45452C3E-4659-4D48-B1D0-55F53D80D281} = {1B003FF4-9318-4C81-B931-C88D41ED25EA}
		{EA68274F-A58D-448A-9F9F-DBB87C7211FE} = {1B003FF4-9318-4C81-B931-C88D41ED25EA}
		{4E7475CB-597D-46CE-8FF7-EE5B61CD6BDF} = {176402EE-606A-497D-BEDD-2AB258EAE9DA}
		{8EE051B0-7CFA-4FFC-81E9-D2CAA4613CC2} = {176402EE-606A-497D-BEDD-2AB258EAE9DA}
		{716D741B-CEA4-4F24-BF09-6C62615A89C7} = {176402EE-606A-497D-BEDD-2AB258EAE9DA}
		{200B8412-C72C-4A96-9E99-6DDB67EEFB19} = {176402EE-606A-497D-BEDD-2AB258EAE9DA}
		{8C6B883D-B813-4789-9AA4-A43092769662} = {176402EE-606A-497D-BEDD-2AB258EAE9DA}
		{A2705EDC-1707-4A66-8033-674DAB4C7CD5} = {176402EE-606A-497D-BEDD-2AB258EAE9DA}
		{C409AE0A-9478-4543-A1DE-4A4C00BB4FBD} = {B824B77A-F7F8-457B-B0F0-094D5C76D328}
		{B6585947-6D87-4B68-9A2A-09BF2CD19A8B} = {DAC3A6FB-30D9-49AC-B553-F292A93D4EA6}
		{90A1DC7D-1B3A-449F-BAB7-D349105B0825} = {DAC3A6FB-30D9-49AC-B553-F292A93D4EA6}
		{23CC2EEB-CDAD-4904-B259-C3D28BD69BDD} = {DAC3A6FB-30D9-49AC-B553-F292A93D4EA6}
		{7AC64EB0-AF57-481D-A437-FBB1EF004E3D} = {61F12941-7CDB-41B0-9B06-2667558F6D85}
		{5D135CE0-451D-4C90-A26A-C7A61725B668} = {61F12941-7CDB-41B0-9B06-2667558F6D85}
	EndGlobalSection
EndGlobal
